
Microsoft Visual Studio Solution File, Format Version 12.00
# Visual Studio 2017
Project("{FAE04EC0-301F-11D3-BF4B-00C04F79EFBC}") = "Lab05.Plugins", "Lab05.Plugins.csproj", "{5B018264-BD1B-D61D-C1C5-C2B82A778E10}"
EndProject
Project("{FAE04EC0-301F-11D3-BF4B-00C04F79EFBC}") = "Lab05", "Lab05.csproj", "{067A4CB0-6BC1-7F62-0B05-8ABD6E031B16}"
EndProject
Project("{FAE04EC0-301F-11D3-BF4B-00C04F79EFBC}") = "Lab05.Editor.Plugins", "Lab05.Editor.Plugins.csproj", "{98E246F5-632E-498C-F077-70FD50094007}"
EndProject
Global
	GlobalSection(SolutionConfigurationPlatforms) = preSolution
		Debug|Any CPU = Debug|Any CPU
		Release|Any CPU = Release|Any CPU
	EndGlobalSection
	GlobalSection(ProjectConfigurationPlatforms) = postSolution
		{5B018264-BD1B-D61D-C1C5-C2B82A778E10}.Debug|Any CPU.ActiveCfg = Debug|Any CPU
		{5B018264-BD1B-D61D-C1C5-C2B82A778E10}.Debug|Any CPU.Build.0 = Debug|Any CPU
		{5B018264-BD1B-D61D-C1C5-C2B82A778E10}.Release|Any CPU.ActiveCfg = Release|Any CPU
		{5B018264-BD1B-D61D-C1C5-C2B82A778E10}.Release|Any CPU.Build.0 = Release|Any CPU
		{067A4CB0-6BC1-7F62-0B05-8ABD6E031B16}.Debug|Any CPU.ActiveCfg = Debug|Any CPU
		{067A4CB0-6BC1-7F62-0B05-8ABD6E031B16}.Debug|Any CPU.Build.0 = Debug|Any CPU
		{067A4CB0-6BC1-7F62-0B05-8ABD6E031B16}.Release|Any CPU.ActiveCfg = Release|Any CPU
		{067A4CB0-6BC1-7F62-0B05-8ABD6E031B16}.Release|Any CPU.Build.0 = Release|Any CPU
		{98E246F5-632E-498C-F077-70FD50094007}.Debug|Any CPU.ActiveCfg = Debug|Any CPU
		{98E246F5-632E-498C-F077-70FD50094007}.Debug|Any CPU.Build.0 = Debug|Any CPU
		{98E246F5-632E-498C-F077-70FD50094007}.Release|Any CPU.ActiveCfg = Release|Any CPU
		{98E246F5-632E-498C-F077-70FD50094007}.Release|Any CPU.Build.0 = Release|Any CPU
	EndGlobalSection
	GlobalSection(SolutionProperties) = preSolution
		HideSolutionNode = FALSE
	EndGlobalSection
EndGlobal
